
Microsoft Visual Studio Solution File, Format Version 12.00
# Visual Studio Version 16
VisualStudioVersion = 16.0.31205.134
MinimumVisualStudioVersion = 10.0.40219.1
Project("{FAE04EC0-301F-11D3-BF4B-00C04F79EFBC}") = "Progetto_3D", "Progetto_3D.csproj", "{CFEA414E-54D6-48F1-B028-936BA3B6F571}"
EndProject
Global
	GlobalSection(SolutionConfigurationPlatforms) = preSolution
		Debug|Any CPU = Debug|Any CPU
		Release|Any CPU = Release|Any CPU
	EndGlobalSection
	GlobalSection(ProjectConfigurationPlatforms) = postSolution
		{CFEA414E-54D6-48F1-B028-936BA3B6F571}.Debug|Any CPU.ActiveCfg = Debug|Any CPU
		{CFEA414E-54D6-48F1-B028-936BA3B6F571}.Debug|Any CPU.Build.0 = Debug|Any CPU
		{CFEA414E-54D6-48F1-B028-936BA3B6F571}.Release|Any CPU.ActiveCfg = Release|Any CPU
		{CFEA414E-54D6-48F1-B028-936BA3B6F571}.Release|Any CPU.Build.0 = Release|Any CPU
	EndGlobalSection
	GlobalSection(SolutionProperties) = preSolution
		HideSolutionNode = FALSE
	EndGlobalSection
	GlobalSection(ExtensibilityGlobals) = postSolution
		SolutionGuid = {980E11FB-FE8B-42F9-BBB1-22E4D48C35C6}
	EndGlobalSection
EndGlobal
